
Microsoft Visual Studio Solution File, Format Version 11.00
# Visual Studio 2010
Project("{FAE04EC0-301F-11D3-BF4B-00C04F79EFBC}") = "StormMacro", "StormMacro\StormMacro.csproj", "{63b5906e-ab34-47b4-b01d-e4f6803377c3}"
EndProject
Global
	GlobalSection(SolutionConfigurationPlatforms) = preSolution
		Debug|Any CPU = Debug|Any CPU
		Release|Any CPU = Release|Any CPU
	EndGlobalSection
	GlobalSection(ProjectConfigurationPlatforms) = postSolution
		{63B5906E-AB34-47B4-B01D-E4F6803377C3}.Debug|Any CPU.ActiveCfg = Debug|Any CPU
		{63B5906E-AB34-47B4-B01D-E4F6803377C3}.Debug|Any CPU.Build.0 = Debug|Any CPU
		{63B5906E-AB34-47B4-B01D-E4F6803377C3}.Release|Any CPU.ActiveCfg = Release|Any CPU
		{63B5906E-AB34-47B4-B01D-E4F6803377C3}.Release|Any CPU.Build.0 = Release|Any CPU
	EndGlobalSection
EndGlobal
